
Microsoft Visual Studio Solution File, Format Version 12.00
# Visual Studio Version 16
VisualStudioVersion = 16.0.32228.343
MinimumVisualStudioVersion = 10.0.40219.1
Project("{2150E333-8FDC-42A3-9474-1A3956D46DE8}") = "Sample", "Sample", "{17F7E321-5099-49C0-A10E-55BC12C0BBD9}"
EndProject
Project("{FAE04EC0-301F-11D3-BF4B-00C04F79EFBC}") = "ConsoleApp0411", "Sample\ConsoleApp0411\ConsoleApp0411.csproj", "{7921EB41-644C-4378-B915-E26386FAC3A1}"
EndProject
Project("{FAE04EC0-301F-11D3-BF4B-00C04F79EFBC}") = "WindowsFormsApp1", "Sample\WindowsFormsApp1\WindowsFormsApp1.csproj", "{BB3647AB-E4A8-4D91-9F99-78D5E9E41997}"
EndProject
Project("{FAE04EC0-301F-11D3-BF4B-00C04F79EFBC}") = "BallApp", "Sample\BallApp\BallApp.csproj", "{E1F97F34-1647-424D-9E63-BA6A273BA070}"
EndProject
Project("{2150E333-8FDC-42A3-9474-1A3956D46DE8}") = "Chapter01", "Chapter01", "{0EB9ABA2-606E-452B-A429-541403C8DC30}"
EndProject
Project("{FAE04EC0-301F-11D3-BF4B-00C04F79EFBC}") = "ProductSample", "Chapter01\Product\ProductSample.csproj", "{225B461E-8C9D-4476-B324-BA1F5F684CBA}"
EndProject
Project("{2150E333-8FDC-42A3-9474-1A3956D46DE8}") = "Chapter02", "Chapter02", "{AB71C749-F5A8-462C-B194-4EC672448760}"
EndProject
Project("{2150E333-8FDC-42A3-9474-1A3956D46DE8}") = "距離換算プログラム", "距離換算プログラム", "{F204C8FB-F556-4B03-8723-2F1C52D7D07F}"
EndProject
Project("{FAE04EC0-301F-11D3-BF4B-00C04F79EFBC}") = "DistanceConverter", "Chapter02\距離換算プログラム\DistanceConverter\DistanceConverter.csproj", "{7B9A4580-FA82-4571-8456-FDF5D3249574}"
EndProject
Project("{2150E333-8FDC-42A3-9474-1A3956D46DE8}") = "売上集計プログラム", "売上集計プログラム", "{49AFFEB6-E540-4BF8-B53C-991238A92B77}"
EndProject
Project("{FAE04EC0-301F-11D3-BF4B-00C04F79EFBC}") = "SalesCalculator", "Chapter02\売上集計プログラム\SalesCalculator\SalesCalculator.csproj", "{141A40AB-6E3B-42E5-85C4-270F7F11936B}"
EndProject
Project("{2150E333-8FDC-42A3-9474-1A3956D46DE8}") = "演習問題", "演習問題", "{616F935E-E58B-4DB4-A78A-35603F12A62D}"
EndProject
Project("{FAE04EC0-301F-11D3-BF4B-00C04F79EFBC}") = "Exercise01", "Chapter02\演習問題\Exercise01\Exercise01.csproj", "{9C5988FB-E6AB-4C72-9CBA-A39A18F964C6}"
EndProject
Project("{FAE04EC0-301F-11D3-BF4B-00C04F79EFBC}") = "Exercise02", "Chapter02\演習問題\Exercise02\Exercise02.csproj", "{DC08329C-381A-47A6-8A77-8477414B7374}"
EndProject
Project("{FAE04EC0-301F-11D3-BF4B-00C04F79EFBC}") = "Exercise03", "Chapter02\演習問題\Exercise03\Exercise03.csproj", "{44FAC228-8139-4AE2-9DF2-8EB31CE2AF94}"
EndProject
Global
	GlobalSection(SolutionConfigurationPlatforms) = preSolution
		Debug|Any CPU = Debug|Any CPU
		Release|Any CPU = Release|Any CPU
	EndGlobalSection
	GlobalSection(ProjectConfigurationPlatforms) = postSolution
		{7921EB41-644C-4378-B915-E26386FAC3A1}.Debug|Any CPU.ActiveCfg = Debug|Any CPU
		{7921EB41-644C-4378-B915-E26386FAC3A1}.Debug|Any CPU.Build.0 = Debug|Any CPU
		{7921EB41-644C-4378-B915-E26386FAC3A1}.Release|Any CPU.ActiveCfg = Release|Any CPU
		{7921EB41-644C-4378-B915-E26386FAC3A1}.Release|Any CPU.Build.0 = Release|Any CPU
		{BB3647AB-E4A8-4D91-9F99-78D5E9E41997}.Debug|Any CPU.ActiveCfg = Debug|Any CPU
		{BB3647AB-E4A8-4D91-9F99-78D5E9E41997}.Debug|Any CPU.Build.0 = Debug|Any CPU
		{BB3647AB-E4A8-4D91-9F99-78D5E9E41997}.Release|Any CPU.ActiveCfg = Release|Any CPU
		{BB3647AB-E4A8-4D91-9F99-78D5E9E41997}.Release|Any CPU.Build.0 = Release|Any CPU
		{E1F97F34-1647-424D-9E63-BA6A273BA070}.Debug|Any CPU.ActiveCfg = Debug|Any CPU
		{E1F97F34-1647-424D-9E63-BA6A273BA070}.Debug|Any CPU.Build.0 = Debug|Any CPU
		{E1F97F34-1647-424D-9E63-BA6A273BA070}.Release|Any CPU.ActiveCfg = Release|Any CPU
		{E1F97F34-1647-424D-9E63-BA6A273BA070}.Release|Any CPU.Build.0 = Release|Any CPU
		{225B461E-8C9D-4476-B324-BA1F5F684CBA}.Debug|Any CPU.ActiveCfg = Debug|Any CPU
		{225B461E-8C9D-4476-B324-BA1F5F684CBA}.Debug|Any CPU.Build.0 = Debug|Any CPU
		{225B461E-8C9D-4476-B324-BA1F5F684CBA}.Release|Any CPU.ActiveCfg = Release|Any CPU
		{225B461E-8C9D-4476-B324-BA1F5F684CBA}.Release|Any CPU.Build.0 = Release|Any CPU
		{7B9A4580-FA82-4571-8456-FDF5D3249574}.Debug|Any CPU.ActiveCfg = Debug|Any CPU
		{7B9A4580-FA82-4571-8456-FDF5D3249574}.Debug|Any CPU.Build.0 = Debug|Any CPU
		{7B9A4580-FA82-4571-8456-FDF5D3249574}.Release|Any CPU.ActiveCfg = Release|Any CPU
		{7B9A4580-FA82-4571-8456-FDF5D3249574}.Release|Any CPU.Build.0 = Release|Any CPU
		{141A40AB-6E3B-42E5-85C4-270F7F11936B}.Debug|Any CPU.ActiveCfg = Debug|Any CPU
		{141A40AB-6E3B-42E5-85C4-270F7F11936B}.Debug|Any CPU.Build.0 = Debug|Any CPU
		{141A40AB-6E3B-42E5-85C4-270F7F11936B}.Release|Any CPU.ActiveCfg = Release|Any CPU
		{141A40AB-6E3B-42E5-85C4-270F7F11936B}.Release|Any CPU.Build.0 = Release|Any CPU
		{9C5988FB-E6AB-4C72-9CBA-A39A18F964C6}.Debug|Any CPU.ActiveCfg = Debug|Any CPU
		{9C5988FB-E6AB-4C72-9CBA-A39A18F964C6}.Debug|Any CPU.Build.0 = Debug|Any CPU
		{9C5988FB-E6AB-4C72-9CBA-A39A18F964C6}.Release|Any CPU.ActiveCfg = Release|Any CPU
		{9C5988FB-E6AB-4C72-9CBA-A39A18F964C6}.Release|Any CPU.Build.0 = Release|Any CPU
		{DC08329C-381A-47A6-8A77-8477414B7374}.Debug|Any CPU.ActiveCfg = Debug|Any CPU
		{DC08329C-381A-47A6-8A77-8477414B7374}.Debug|Any CPU.Build.0 = Debug|Any CPU
		{DC08329C-381A-47A6-8A77-8477414B7374}.Release|Any CPU.ActiveCfg = Release|Any CPU
		{DC08329C-381A-47A6-8A77-8477414B7374}.Release|Any CPU.Build.0 = Release|Any CPU
		{44FAC228-8139-4AE2-9DF2-8EB31CE2AF94}.Debug|Any CPU.ActiveCfg = Debug|Any CPU
		{44FAC228-8139-4AE2-9DF2-8EB31CE2AF94}.Debug|Any CPU.Build.0 = Debug|Any CPU
		{44FAC228-8139-4AE2-9DF2-8EB31CE2AF94}.Release|Any CPU.ActiveCfg = Release|Any CPU
		{44FAC228-8139-4AE2-9DF2-8EB31CE2AF94}.Release|Any CPU.Build.0 = Release|Any CPU
	EndGlobalSection
	GlobalSection(SolutionProperties) = preSolution
		HideSolutionNode = FALSE
	EndGlobalSection
	GlobalSection(NestedProjects) = preSolution
		{7921EB41-644C-4378-B915-E26386FAC3A1} = {17F7E321-5099-49C0-A10E-55BC12C0BBD9}
		{BB3647AB-E4A8-4D91-9F99-78D5E9E41997} = {17F7E321-5099-49C0-A10E-55BC12C0BBD9}
		{E1F97F34-1647-424D-9E63-BA6A273BA070} = {17F7E321-5099-49C0-A10E-55BC12C0BBD9}
		{225B461E-8C9D-4476-B324-BA1F5F684CBA} = {0EB9ABA2-606E-452B-A429-541403C8DC30}
		{F204C8FB-F556-4B03-8723-2F1C52D7D07F} = {AB71C749-F5A8-462C-B194-4EC672448760}
		{7B9A4580-FA82-4571-8456-FDF5D3249574} = {F204C8FB-F556-4B03-8723-2F1C52D7D07F}
		{49AFFEB6-E540-4BF8-B53C-991238A92B77} = {AB71C749-F5A8-462C-B194-4EC672448760}
		{141A40AB-6E3B-42E5-85C4-270F7F11936B} = {AB71C749-F5A8-462C-B194-4EC672448760}
		{616F935E-E58B-4DB4-A78A-35603F12A62D} = {AB71C749-F5A8-462C-B194-4EC672448760}
		{9C5988FB-E6AB-4C72-9CBA-A39A18F964C6} = {616F935E-E58B-4DB4-A78A-35603F12A62D}
		{DC08329C-381A-47A6-8A77-8477414B7374} = {616F935E-E58B-4DB4-A78A-35603F12A62D}
		{44FAC228-8139-4AE2-9DF2-8EB31CE2AF94} = {616F935E-E58B-4DB4-A78A-35603F12A62D}
	EndGlobalSection
	GlobalSection(ExtensibilityGlobals) = postSolution
		SolutionGuid = {55C84F1E-B571-4141-B91E-1FBA7BF166AC}
	EndGlobalSection
EndGlobal
