
Microsoft Visual Studio Solution File, Format Version 12.00
# Visual Studio Version 16
VisualStudioVersion = 16.0.32228.343
MinimumVisualStudioVersion = 10.0.40219.1
Project("{2150E333-8FDC-42A3-9474-1A3956D46DE8}") = "Sample", "Sample", "{17F7E321-5099-49C0-A10E-55BC12C0BBD9}"
EndProject
Project("{FAE04EC0-301F-11D3-BF4B-00C04F79EFBC}") = "ConsoleApp0411", "Sample\ConsoleApp0411\ConsoleApp0411.csproj", "{7921EB41-644C-4378-B915-E26386FAC3A1}"
EndProject
Project("{FAE04EC0-301F-11D3-BF4B-00C04F79EFBC}") = "WindowsFormsApp1", "Sample\WindowsFormsApp1\WindowsFormsApp1.csproj", "{BB3647AB-E4A8-4D91-9F99-78D5E9E41997}"
EndProject
Project("{FAE04EC0-301F-11D3-BF4B-00C04F79EFBC}") = "BallApp", "Sample\BallApp\BallApp.csproj", "{E1F97F34-1647-424D-9E63-BA6A273BA070}"
EndProject
Project("{2150E333-8FDC-42A3-9474-1A3956D46DE8}") = "Chapter01", "Chapter01", "{0EB9ABA2-606E-452B-A429-541403C8DC30}"
EndProject
Project("{FAE04EC0-301F-11D3-BF4B-00C04F79EFBC}") = "ProductSample", "Chapter01\Product\ProductSample.csproj", "{225B461E-8C9D-4476-B324-BA1F5F684CBA}"
EndProject
Project("{2150E333-8FDC-42A3-9474-1A3956D46DE8}") = "Chapter02", "Chapter02", "{AB71C749-F5A8-462C-B194-4EC672448760}"
EndProject
Project("{2150E333-8FDC-42A3-9474-1A3956D46DE8}") = "距離換算プログラム", "距離換算プログラム", "{F204C8FB-F556-4B03-8723-2F1C52D7D07F}"
EndProject
Project("{FAE04EC0-301F-11D3-BF4B-00C04F79EFBC}") = "DistanceConverter", "Chapter02\距離換算プログラム\DistanceConverter\DistanceConverter.csproj", "{7B9A4580-FA82-4571-8456-FDF5D3249574}"
EndProject
Project("{2150E333-8FDC-42A3-9474-1A3956D46DE8}") = "売上集計プログラム", "売上集計プログラム", "{49AFFEB6-E540-4BF8-B53C-991238A92B77}"
EndProject
Project("{FAE04EC0-301F-11D3-BF4B-00C04F79EFBC}") = "SalesCalculator", "Chapter02\売上集計プログラム\SalesCalculator\SalesCalculator.csproj", "{141A40AB-6E3B-42E5-85C4-270F7F11936B}"
EndProject
Project("{2150E333-8FDC-42A3-9474-1A3956D46DE8}") = "演習問題", "演習問題", "{616F935E-E58B-4DB4-A78A-35603F12A62D}"
EndProject
Project("{FAE04EC0-301F-11D3-BF4B-00C04F79EFBC}") = "Exercise01", "Chapter02\演習問題\Exercise01\Exercise01.csproj", "{9C5988FB-E6AB-4C72-9CBA-A39A18F964C6}"
EndProject
Project("{FAE04EC0-301F-11D3-BF4B-00C04F79EFBC}") = "Exercise02", "Chapter02\演習問題\Exercise02\Exercise02.csproj", "{DC08329C-381A-47A6-8A77-8477414B7374}"
EndProject
Project("{FAE04EC0-301F-11D3-BF4B-00C04F79EFBC}") = "Exercise03", "Chapter02\演習問題\Exercise03\Exercise03.csproj", "{44FAC228-8139-4AE2-9DF2-8EB31CE2AF94}"
EndProject
Project("{2150E333-8FDC-42A3-9474-1A3956D46DE8}") = "Chapter03", "Chapter03", "{A06E0CC4-027E-460B-AE28-2B12C675DDA6}"
EndProject
Project("{FAE04EC0-301F-11D3-BF4B-00C04F79EFBC}") = "Section01", "Chapter03\Section01\Section01.csproj", "{E1A55D0D-582A-477D-8A77-F3D159216DF0}"
EndProject
Project("{FAE04EC0-301F-11D3-BF4B-00C04F79EFBC}") = "Section03", "Chapter03\Section03\Section03.csproj", "{9A98F204-FE1E-46F0-8E8A-CCA707BCEAB1}"
EndProject
Project("{FAE04EC0-301F-11D3-BF4B-00C04F79EFBC}") = "Section04", "Chapter03\Section04\Section04.csproj", "{C4BE2780-12D7-4DF6-BA78-61BCA6BC7EC4}"
EndProject
Project("{2150E333-8FDC-42A3-9474-1A3956D46DE8}") = "演習問題", "演習問題", "{6E001EC0-CA73-4257-85CD-20A80BC6BDC9}"
EndProject
Project("{FAE04EC0-301F-11D3-BF4B-00C04F79EFBC}") = "Exercise01", "Chapter03\演習問題\Exercise01\Exercise01.csproj", "{8CF64315-217D-4F57-ADDE-C9391DC84E8B}"
EndProject
Project("{FAE04EC0-301F-11D3-BF4B-00C04F79EFBC}") = "Exercise02", "Chapter03\演習問題\Exercise02\Exercise02.csproj", "{1606B398-AF13-44DF-AF7B-70A59A4C8270}"
EndProject
Project("{2150E333-8FDC-42A3-9474-1A3956D46DE8}") = "Chapter04", "Chapter04", "{6BE45955-58CE-47FF-A990-07ADAB67AF91}"
EndProject
Project("{2150E333-8FDC-42A3-9474-1A3956D46DE8}") = "条件演算子.null合体演算子", "条件演算子.null合体演算子", "{8270B69D-7A06-4650-9C11-C00D66F63EB7}"
EndProject
Project("{FAE04EC0-301F-11D3-BF4B-00C04F79EFBC}") = "Section04", "Chapter04\条件演算子.null合体演算子\Section04\Section04.csproj", "{3771D6D4-B18B-44DC-8E18-5A942789A854}"
EndProject
Project("{2150E333-8FDC-42A3-9474-1A3956D46DE8}") = "TryParse", "TryParse", "{8862DC11-549A-475D-8EEA-639105FF5BB8}"
EndProject
Project("{FAE04EC0-301F-11D3-BF4B-00C04F79EFBC}") = "Section07", "Chapter04\TryParse\Section07\Section07.csproj", "{4545247C-29CA-4E6E-B71D-5D30EAEA1405}"
EndProject
Project("{2150E333-8FDC-42A3-9474-1A3956D46DE8}") = "演習問題", "演習問題", "{4B88C3C9-0F1E-44CD-AF5F-D74164DDE3E2}"
EndProject
Project("{FAE04EC0-301F-11D3-BF4B-00C04F79EFBC}") = "Exercise01", "Chapter04\演習問題\Exercise01\Exercise01.csproj", "{DE6146A9-9668-44BF-B171-C6579E12FF73}"
EndProject
Project("{FAE04EC0-301F-11D3-BF4B-00C04F79EFBC}") = "Exercise02", "Chapter04\演習問題\Exercise02\Exercise02.csproj", "{B2CC3F4C-D168-45FF-BFC5-290332B56493}"
EndProject
Project("{2150E333-8FDC-42A3-9474-1A3956D46DE8}") = "Chapter05", "Chapter05", "{EA86198F-7911-4BDD-AA42-6790045B3550}"
EndProject
Project("{FAE04EC0-301F-11D3-BF4B-00C04F79EFBC}") = "Exercise01", "Chapter05\演習問題\Exercise01\Exercise01.csproj", "{A5B682B4-795C-4017-9E3E-7CBFE3483C71}"
EndProject
Project("{2150E333-8FDC-42A3-9474-1A3956D46DE8}") = "演習問題", "演習問題", "{342F75D9-90B8-496D-B1EC-42C14078DECF}"
EndProject
Project("{FAE04EC0-301F-11D3-BF4B-00C04F79EFBC}") = "Exercise03", "Chapter05\演習問題\Exercise03\Exercise03.csproj", "{5ED590EE-3BA0-4A05-9B66-0850B3D303E1}"
EndProject
Project("{FAE04EC0-301F-11D3-BF4B-00C04F79EFBC}") = "Exercise02", "Chapter05\演習問題\Exercise02\Exercise02.csproj", "{26C68E0B-0DFE-41FD-B672-FD7A034B4074}"
EndProject
Project("{FAE04EC0-301F-11D3-BF4B-00C04F79EFBC}") = "Exercise04", "Chapter05\演習問題\Exercise04\Exercise04.csproj", "{86B7E715-77A1-4DCC-9177-C7130A052BE8}"
EndProject
Project("{2150E333-8FDC-42A3-9474-1A3956D46DE8}") = "Chapter06", "Chapter06", "{0A5DEE61-653B-411F-BF31-6FB67C92B963}"
EndProject
Project("{FAE04EC0-301F-11D3-BF4B-00C04F79EFBC}") = "Section01", "Chapter06\Section01\Section01.csproj", "{CECC3726-D148-4764-B62D-E593D52490AF}"
EndProject
Project("{FAE04EC0-301F-11D3-BF4B-00C04F79EFBC}") = "Section02", "Chapter06\Section02\Section02.csproj", "{6C55865A-70CB-4822-AF41-A5F1B5B53B4B}"
EndProject
Project("{2150E333-8FDC-42A3-9474-1A3956D46DE8}") = "演習問題", "演習問題", "{211570D8-685B-4DC9-8159-7DB438BD961F}"
EndProject
Project("{FAE04EC0-301F-11D3-BF4B-00C04F79EFBC}") = "Exercise01", "Chapter06\演習問題\Exercise01\Exercise01.csproj", "{6B87EB44-50DA-4684-8831-10DC7434A758}"
EndProject
Project("{FAE04EC0-301F-11D3-BF4B-00C04F79EFBC}") = "Exercise02", "Chapter06\演習問題\Exercise02\Exercise02.csproj", "{24B615E7-B9DE-4812-BF00-B37E2AC7A2E1}"
EndProject
Project("{2150E333-8FDC-42A3-9474-1A3956D46DE8}") = "試験01", "試験01", "{735C149B-5A43-4AF0-8846-4E16DDCA579A}"
EndProject
Project("{FAE04EC0-301F-11D3-BF4B-00C04F79EFBC}") = "Test01", "TestProject\Test01\Test01.csproj", "{2BFACDC3-F44D-4199-8498-F5C3C4AC0335}"
EndProject
Project("{FAE04EC0-301F-11D3-BF4B-00C04F79EFBC}") = "Test02", "TestProject\Test02\Test02.csproj", "{E461C0A8-8900-485C-B520-E929BA33F712}"
EndProject
Project("{2150E333-8FDC-42A3-9474-1A3956D46DE8}") = "Chapter07", "Chapter07", "{A968A339-EE45-4DE8-BC78-BEF8848ADF27}"
EndProject
Project("{FAE04EC0-301F-11D3-BF4B-00C04F79EFBC}") = "Section01", "Chapter07\Section01\Section01.csproj", "{8BE82998-A168-45C2-99EF-F1B312861D95}"
EndProject
Project("{FAE04EC0-301F-11D3-BF4B-00C04F79EFBC}") = "Section02", "Chapter07\Section02\Section02.csproj", "{79D8D106-CD39-4AE3-A4B1-764A1B9FE70A}"
EndProject
Project("{FAE04EC0-301F-11D3-BF4B-00C04F79EFBC}") = "Section03", "Chapter07\Section03\Section03.csproj", "{3D2115B7-3400-4211-A451-C62D0D5087C3}"
EndProject
Global
	GlobalSection(SolutionConfigurationPlatforms) = preSolution
		Debug|Any CPU = Debug|Any CPU
		Release|Any CPU = Release|Any CPU
	EndGlobalSection
	GlobalSection(ProjectConfigurationPlatforms) = postSolution
		{7921EB41-644C-4378-B915-E26386FAC3A1}.Debug|Any CPU.ActiveCfg = Debug|Any CPU
		{7921EB41-644C-4378-B915-E26386FAC3A1}.Debug|Any CPU.Build.0 = Debug|Any CPU
		{7921EB41-644C-4378-B915-E26386FAC3A1}.Release|Any CPU.ActiveCfg = Release|Any CPU
		{7921EB41-644C-4378-B915-E26386FAC3A1}.Release|Any CPU.Build.0 = Release|Any CPU
		{BB3647AB-E4A8-4D91-9F99-78D5E9E41997}.Debug|Any CPU.ActiveCfg = Debug|Any CPU
		{BB3647AB-E4A8-4D91-9F99-78D5E9E41997}.Debug|Any CPU.Build.0 = Debug|Any CPU
		{BB3647AB-E4A8-4D91-9F99-78D5E9E41997}.Release|Any CPU.ActiveCfg = Release|Any CPU
		{BB3647AB-E4A8-4D91-9F99-78D5E9E41997}.Release|Any CPU.Build.0 = Release|Any CPU
		{E1F97F34-1647-424D-9E63-BA6A273BA070}.Debug|Any CPU.ActiveCfg = Debug|Any CPU
		{E1F97F34-1647-424D-9E63-BA6A273BA070}.Debug|Any CPU.Build.0 = Debug|Any CPU
		{E1F97F34-1647-424D-9E63-BA6A273BA070}.Release|Any CPU.ActiveCfg = Release|Any CPU
		{E1F97F34-1647-424D-9E63-BA6A273BA070}.Release|Any CPU.Build.0 = Release|Any CPU
		{225B461E-8C9D-4476-B324-BA1F5F684CBA}.Debug|Any CPU.ActiveCfg = Debug|Any CPU
		{225B461E-8C9D-4476-B324-BA1F5F684CBA}.Debug|Any CPU.Build.0 = Debug|Any CPU
		{225B461E-8C9D-4476-B324-BA1F5F684CBA}.Release|Any CPU.ActiveCfg = Release|Any CPU
		{225B461E-8C9D-4476-B324-BA1F5F684CBA}.Release|Any CPU.Build.0 = Release|Any CPU
		{7B9A4580-FA82-4571-8456-FDF5D3249574}.Debug|Any CPU.ActiveCfg = Debug|Any CPU
		{7B9A4580-FA82-4571-8456-FDF5D3249574}.Debug|Any CPU.Build.0 = Debug|Any CPU
		{7B9A4580-FA82-4571-8456-FDF5D3249574}.Release|Any CPU.ActiveCfg = Release|Any CPU
		{7B9A4580-FA82-4571-8456-FDF5D3249574}.Release|Any CPU.Build.0 = Release|Any CPU
		{141A40AB-6E3B-42E5-85C4-270F7F11936B}.Debug|Any CPU.ActiveCfg = Debug|Any CPU
		{141A40AB-6E3B-42E5-85C4-270F7F11936B}.Debug|Any CPU.Build.0 = Debug|Any CPU
		{141A40AB-6E3B-42E5-85C4-270F7F11936B}.Release|Any CPU.ActiveCfg = Release|Any CPU
		{141A40AB-6E3B-42E5-85C4-270F7F11936B}.Release|Any CPU.Build.0 = Release|Any CPU
		{9C5988FB-E6AB-4C72-9CBA-A39A18F964C6}.Debug|Any CPU.ActiveCfg = Debug|Any CPU
		{9C5988FB-E6AB-4C72-9CBA-A39A18F964C6}.Debug|Any CPU.Build.0 = Debug|Any CPU
		{9C5988FB-E6AB-4C72-9CBA-A39A18F964C6}.Release|Any CPU.ActiveCfg = Release|Any CPU
		{9C5988FB-E6AB-4C72-9CBA-A39A18F964C6}.Release|Any CPU.Build.0 = Release|Any CPU
		{DC08329C-381A-47A6-8A77-8477414B7374}.Debug|Any CPU.ActiveCfg = Debug|Any CPU
		{DC08329C-381A-47A6-8A77-8477414B7374}.Debug|Any CPU.Build.0 = Debug|Any CPU
		{DC08329C-381A-47A6-8A77-8477414B7374}.Release|Any CPU.ActiveCfg = Release|Any CPU
		{DC08329C-381A-47A6-8A77-8477414B7374}.Release|Any CPU.Build.0 = Release|Any CPU
		{44FAC228-8139-4AE2-9DF2-8EB31CE2AF94}.Debug|Any CPU.ActiveCfg = Debug|Any CPU
		{44FAC228-8139-4AE2-9DF2-8EB31CE2AF94}.Debug|Any CPU.Build.0 = Debug|Any CPU
		{44FAC228-8139-4AE2-9DF2-8EB31CE2AF94}.Release|Any CPU.ActiveCfg = Release|Any CPU
		{44FAC228-8139-4AE2-9DF2-8EB31CE2AF94}.Release|Any CPU.Build.0 = Release|Any CPU
		{E1A55D0D-582A-477D-8A77-F3D159216DF0}.Debug|Any CPU.ActiveCfg = Debug|Any CPU
		{E1A55D0D-582A-477D-8A77-F3D159216DF0}.Debug|Any CPU.Build.0 = Debug|Any CPU
		{E1A55D0D-582A-477D-8A77-F3D159216DF0}.Release|Any CPU.ActiveCfg = Release|Any CPU
		{E1A55D0D-582A-477D-8A77-F3D159216DF0}.Release|Any CPU.Build.0 = Release|Any CPU
		{9A98F204-FE1E-46F0-8E8A-CCA707BCEAB1}.Debug|Any CPU.ActiveCfg = Debug|Any CPU
		{9A98F204-FE1E-46F0-8E8A-CCA707BCEAB1}.Debug|Any CPU.Build.0 = Debug|Any CPU
		{9A98F204-FE1E-46F0-8E8A-CCA707BCEAB1}.Release|Any CPU.ActiveCfg = Release|Any CPU
		{9A98F204-FE1E-46F0-8E8A-CCA707BCEAB1}.Release|Any CPU.Build.0 = Release|Any CPU
		{C4BE2780-12D7-4DF6-BA78-61BCA6BC7EC4}.Debug|Any CPU.ActiveCfg = Debug|Any CPU
		{C4BE2780-12D7-4DF6-BA78-61BCA6BC7EC4}.Debug|Any CPU.Build.0 = Debug|Any CPU
		{C4BE2780-12D7-4DF6-BA78-61BCA6BC7EC4}.Release|Any CPU.ActiveCfg = Release|Any CPU
		{C4BE2780-12D7-4DF6-BA78-61BCA6BC7EC4}.Release|Any CPU.Build.0 = Release|Any CPU
		{8CF64315-217D-4F57-ADDE-C9391DC84E8B}.Debug|Any CPU.ActiveCfg = Debug|Any CPU
		{8CF64315-217D-4F57-ADDE-C9391DC84E8B}.Debug|Any CPU.Build.0 = Debug|Any CPU
		{8CF64315-217D-4F57-ADDE-C9391DC84E8B}.Release|Any CPU.ActiveCfg = Release|Any CPU
		{8CF64315-217D-4F57-ADDE-C9391DC84E8B}.Release|Any CPU.Build.0 = Release|Any CPU
		{1606B398-AF13-44DF-AF7B-70A59A4C8270}.Debug|Any CPU.ActiveCfg = Debug|Any CPU
		{1606B398-AF13-44DF-AF7B-70A59A4C8270}.Debug|Any CPU.Build.0 = Debug|Any CPU
		{1606B398-AF13-44DF-AF7B-70A59A4C8270}.Release|Any CPU.ActiveCfg = Release|Any CPU
		{1606B398-AF13-44DF-AF7B-70A59A4C8270}.Release|Any CPU.Build.0 = Release|Any CPU
		{3771D6D4-B18B-44DC-8E18-5A942789A854}.Debug|Any CPU.ActiveCfg = Debug|Any CPU
		{3771D6D4-B18B-44DC-8E18-5A942789A854}.Debug|Any CPU.Build.0 = Debug|Any CPU
		{3771D6D4-B18B-44DC-8E18-5A942789A854}.Release|Any CPU.ActiveCfg = Release|Any CPU
		{3771D6D4-B18B-44DC-8E18-5A942789A854}.Release|Any CPU.Build.0 = Release|Any CPU
		{4545247C-29CA-4E6E-B71D-5D30EAEA1405}.Debug|Any CPU.ActiveCfg = Debug|Any CPU
		{4545247C-29CA-4E6E-B71D-5D30EAEA1405}.Debug|Any CPU.Build.0 = Debug|Any CPU
		{4545247C-29CA-4E6E-B71D-5D30EAEA1405}.Release|Any CPU.ActiveCfg = Release|Any CPU
		{4545247C-29CA-4E6E-B71D-5D30EAEA1405}.Release|Any CPU.Build.0 = Release|Any CPU
		{DE6146A9-9668-44BF-B171-C6579E12FF73}.Debug|Any CPU.ActiveCfg = Debug|Any CPU
		{DE6146A9-9668-44BF-B171-C6579E12FF73}.Debug|Any CPU.Build.0 = Debug|Any CPU
		{DE6146A9-9668-44BF-B171-C6579E12FF73}.Release|Any CPU.ActiveCfg = Release|Any CPU
		{DE6146A9-9668-44BF-B171-C6579E12FF73}.Release|Any CPU.Build.0 = Release|Any CPU
		{B2CC3F4C-D168-45FF-BFC5-290332B56493}.Debug|Any CPU.ActiveCfg = Debug|Any CPU
		{B2CC3F4C-D168-45FF-BFC5-290332B56493}.Debug|Any CPU.Build.0 = Debug|Any CPU
		{B2CC3F4C-D168-45FF-BFC5-290332B56493}.Release|Any CPU.ActiveCfg = Release|Any CPU
		{B2CC3F4C-D168-45FF-BFC5-290332B56493}.Release|Any CPU.Build.0 = Release|Any CPU
		{A5B682B4-795C-4017-9E3E-7CBFE3483C71}.Debug|Any CPU.ActiveCfg = Debug|Any CPU
		{A5B682B4-795C-4017-9E3E-7CBFE3483C71}.Debug|Any CPU.Build.0 = Debug|Any CPU
		{A5B682B4-795C-4017-9E3E-7CBFE3483C71}.Release|Any CPU.ActiveCfg = Release|Any CPU
		{A5B682B4-795C-4017-9E3E-7CBFE3483C71}.Release|Any CPU.Build.0 = Release|Any CPU
		{5ED590EE-3BA0-4A05-9B66-0850B3D303E1}.Debug|Any CPU.ActiveCfg = Debug|Any CPU
		{5ED590EE-3BA0-4A05-9B66-0850B3D303E1}.Debug|Any CPU.Build.0 = Debug|Any CPU
		{5ED590EE-3BA0-4A05-9B66-0850B3D303E1}.Release|Any CPU.ActiveCfg = Release|Any CPU
		{5ED590EE-3BA0-4A05-9B66-0850B3D303E1}.Release|Any CPU.Build.0 = Release|Any CPU
		{26C68E0B-0DFE-41FD-B672-FD7A034B4074}.Debug|Any CPU.ActiveCfg = Debug|Any CPU
		{26C68E0B-0DFE-41FD-B672-FD7A034B4074}.Debug|Any CPU.Build.0 = Debug|Any CPU
		{26C68E0B-0DFE-41FD-B672-FD7A034B4074}.Release|Any CPU.ActiveCfg = Release|Any CPU
		{26C68E0B-0DFE-41FD-B672-FD7A034B4074}.Release|Any CPU.Build.0 = Release|Any CPU
		{86B7E715-77A1-4DCC-9177-C7130A052BE8}.Debug|Any CPU.ActiveCfg = Debug|Any CPU
		{86B7E715-77A1-4DCC-9177-C7130A052BE8}.Debug|Any CPU.Build.0 = Debug|Any CPU
		{86B7E715-77A1-4DCC-9177-C7130A052BE8}.Release|Any CPU.ActiveCfg = Release|Any CPU
		{86B7E715-77A1-4DCC-9177-C7130A052BE8}.Release|Any CPU.Build.0 = Release|Any CPU
		{CECC3726-D148-4764-B62D-E593D52490AF}.Debug|Any CPU.ActiveCfg = Debug|Any CPU
		{CECC3726-D148-4764-B62D-E593D52490AF}.Debug|Any CPU.Build.0 = Debug|Any CPU
		{CECC3726-D148-4764-B62D-E593D52490AF}.Release|Any CPU.ActiveCfg = Release|Any CPU
		{CECC3726-D148-4764-B62D-E593D52490AF}.Release|Any CPU.Build.0 = Release|Any CPU
		{6C55865A-70CB-4822-AF41-A5F1B5B53B4B}.Debug|Any CPU.ActiveCfg = Debug|Any CPU
		{6C55865A-70CB-4822-AF41-A5F1B5B53B4B}.Debug|Any CPU.Build.0 = Debug|Any CPU
		{6C55865A-70CB-4822-AF41-A5F1B5B53B4B}.Release|Any CPU.ActiveCfg = Release|Any CPU
		{6C55865A-70CB-4822-AF41-A5F1B5B53B4B}.Release|Any CPU.Build.0 = Release|Any CPU
		{6B87EB44-50DA-4684-8831-10DC7434A758}.Debug|Any CPU.ActiveCfg = Debug|Any CPU
		{6B87EB44-50DA-4684-8831-10DC7434A758}.Debug|Any CPU.Build.0 = Debug|Any CPU
		{6B87EB44-50DA-4684-8831-10DC7434A758}.Release|Any CPU.ActiveCfg = Release|Any CPU
		{6B87EB44-50DA-4684-8831-10DC7434A758}.Release|Any CPU.Build.0 = Release|Any CPU
		{24B615E7-B9DE-4812-BF00-B37E2AC7A2E1}.Debug|Any CPU.ActiveCfg = Debug|Any CPU
		{24B615E7-B9DE-4812-BF00-B37E2AC7A2E1}.Debug|Any CPU.Build.0 = Debug|Any CPU
		{24B615E7-B9DE-4812-BF00-B37E2AC7A2E1}.Release|Any CPU.ActiveCfg = Release|Any CPU
		{24B615E7-B9DE-4812-BF00-B37E2AC7A2E1}.Release|Any CPU.Build.0 = Release|Any CPU
		{2BFACDC3-F44D-4199-8498-F5C3C4AC0335}.Debug|Any CPU.ActiveCfg = Debug|Any CPU
		{2BFACDC3-F44D-4199-8498-F5C3C4AC0335}.Debug|Any CPU.Build.0 = Debug|Any CPU
		{2BFACDC3-F44D-4199-8498-F5C3C4AC0335}.Release|Any CPU.ActiveCfg = Release|Any CPU
		{2BFACDC3-F44D-4199-8498-F5C3C4AC0335}.Release|Any CPU.Build.0 = Release|Any CPU
		{E461C0A8-8900-485C-B520-E929BA33F712}.Debug|Any CPU.ActiveCfg = Debug|Any CPU
		{E461C0A8-8900-485C-B520-E929BA33F712}.Debug|Any CPU.Build.0 = Debug|Any CPU
		{E461C0A8-8900-485C-B520-E929BA33F712}.Release|Any CPU.ActiveCfg = Release|Any CPU
		{E461C0A8-8900-485C-B520-E929BA33F712}.Release|Any CPU.Build.0 = Release|Any CPU
		{8BE82998-A168-45C2-99EF-F1B312861D95}.Debug|Any CPU.ActiveCfg = Debug|Any CPU
		{8BE82998-A168-45C2-99EF-F1B312861D95}.Debug|Any CPU.Build.0 = Debug|Any CPU
		{8BE82998-A168-45C2-99EF-F1B312861D95}.Release|Any CPU.ActiveCfg = Release|Any CPU
		{8BE82998-A168-45C2-99EF-F1B312861D95}.Release|Any CPU.Build.0 = Release|Any CPU
		{79D8D106-CD39-4AE3-A4B1-764A1B9FE70A}.Debug|Any CPU.ActiveCfg = Debug|Any CPU
		{79D8D106-CD39-4AE3-A4B1-764A1B9FE70A}.Debug|Any CPU.Build.0 = Debug|Any CPU
		{79D8D106-CD39-4AE3-A4B1-764A1B9FE70A}.Release|Any CPU.ActiveCfg = Release|Any CPU
		{79D8D106-CD39-4AE3-A4B1-764A1B9FE70A}.Release|Any CPU.Build.0 = Release|Any CPU
		{3D2115B7-3400-4211-A451-C62D0D5087C3}.Debug|Any CPU.ActiveCfg = Debug|Any CPU
		{3D2115B7-3400-4211-A451-C62D0D5087C3}.Debug|Any CPU.Build.0 = Debug|Any CPU
		{3D2115B7-3400-4211-A451-C62D0D5087C3}.Release|Any CPU.ActiveCfg = Release|Any CPU
		{3D2115B7-3400-4211-A451-C62D0D5087C3}.Release|Any CPU.Build.0 = Release|Any CPU
	EndGlobalSection
	GlobalSection(SolutionProperties) = preSolution
		HideSolutionNode = FALSE
	EndGlobalSection
	GlobalSection(NestedProjects) = preSolution
		{7921EB41-644C-4378-B915-E26386FAC3A1} = {17F7E321-5099-49C0-A10E-55BC12C0BBD9}
		{BB3647AB-E4A8-4D91-9F99-78D5E9E41997} = {17F7E321-5099-49C0-A10E-55BC12C0BBD9}
		{E1F97F34-1647-424D-9E63-BA6A273BA070} = {17F7E321-5099-49C0-A10E-55BC12C0BBD9}
		{225B461E-8C9D-4476-B324-BA1F5F684CBA} = {0EB9ABA2-606E-452B-A429-541403C8DC30}
		{F204C8FB-F556-4B03-8723-2F1C52D7D07F} = {AB71C749-F5A8-462C-B194-4EC672448760}
		{7B9A4580-FA82-4571-8456-FDF5D3249574} = {F204C8FB-F556-4B03-8723-2F1C52D7D07F}
		{49AFFEB6-E540-4BF8-B53C-991238A92B77} = {AB71C749-F5A8-462C-B194-4EC672448760}
		{141A40AB-6E3B-42E5-85C4-270F7F11936B} = {AB71C749-F5A8-462C-B194-4EC672448760}
		{616F935E-E58B-4DB4-A78A-35603F12A62D} = {AB71C749-F5A8-462C-B194-4EC672448760}
		{9C5988FB-E6AB-4C72-9CBA-A39A18F964C6} = {616F935E-E58B-4DB4-A78A-35603F12A62D}
		{DC08329C-381A-47A6-8A77-8477414B7374} = {616F935E-E58B-4DB4-A78A-35603F12A62D}
		{44FAC228-8139-4AE2-9DF2-8EB31CE2AF94} = {616F935E-E58B-4DB4-A78A-35603F12A62D}
		{E1A55D0D-582A-477D-8A77-F3D159216DF0} = {A06E0CC4-027E-460B-AE28-2B12C675DDA6}
		{9A98F204-FE1E-46F0-8E8A-CCA707BCEAB1} = {A06E0CC4-027E-460B-AE28-2B12C675DDA6}
		{C4BE2780-12D7-4DF6-BA78-61BCA6BC7EC4} = {A06E0CC4-027E-460B-AE28-2B12C675DDA6}
		{6E001EC0-CA73-4257-85CD-20A80BC6BDC9} = {A06E0CC4-027E-460B-AE28-2B12C675DDA6}
		{8CF64315-217D-4F57-ADDE-C9391DC84E8B} = {6E001EC0-CA73-4257-85CD-20A80BC6BDC9}
		{1606B398-AF13-44DF-AF7B-70A59A4C8270} = {6E001EC0-CA73-4257-85CD-20A80BC6BDC9}
		{8270B69D-7A06-4650-9C11-C00D66F63EB7} = {6BE45955-58CE-47FF-A990-07ADAB67AF91}
		{3771D6D4-B18B-44DC-8E18-5A942789A854} = {8270B69D-7A06-4650-9C11-C00D66F63EB7}
		{8862DC11-549A-475D-8EEA-639105FF5BB8} = {6BE45955-58CE-47FF-A990-07ADAB67AF91}
		{4545247C-29CA-4E6E-B71D-5D30EAEA1405} = {8862DC11-549A-475D-8EEA-639105FF5BB8}
		{4B88C3C9-0F1E-44CD-AF5F-D74164DDE3E2} = {6BE45955-58CE-47FF-A990-07ADAB67AF91}
		{DE6146A9-9668-44BF-B171-C6579E12FF73} = {4B88C3C9-0F1E-44CD-AF5F-D74164DDE3E2}
		{B2CC3F4C-D168-45FF-BFC5-290332B56493} = {4B88C3C9-0F1E-44CD-AF5F-D74164DDE3E2}
		{A5B682B4-795C-4017-9E3E-7CBFE3483C71} = {342F75D9-90B8-496D-B1EC-42C14078DECF}
		{342F75D9-90B8-496D-B1EC-42C14078DECF} = {EA86198F-7911-4BDD-AA42-6790045B3550}
		{5ED590EE-3BA0-4A05-9B66-0850B3D303E1} = {342F75D9-90B8-496D-B1EC-42C14078DECF}
		{26C68E0B-0DFE-41FD-B672-FD7A034B4074} = {342F75D9-90B8-496D-B1EC-42C14078DECF}
		{86B7E715-77A1-4DCC-9177-C7130A052BE8} = {342F75D9-90B8-496D-B1EC-42C14078DECF}
		{CECC3726-D148-4764-B62D-E593D52490AF} = {0A5DEE61-653B-411F-BF31-6FB67C92B963}
		{6C55865A-70CB-4822-AF41-A5F1B5B53B4B} = {0A5DEE61-653B-411F-BF31-6FB67C92B963}
		{211570D8-685B-4DC9-8159-7DB438BD961F} = {0A5DEE61-653B-411F-BF31-6FB67C92B963}
		{6B87EB44-50DA-4684-8831-10DC7434A758} = {211570D8-685B-4DC9-8159-7DB438BD961F}
		{24B615E7-B9DE-4812-BF00-B37E2AC7A2E1} = {211570D8-685B-4DC9-8159-7DB438BD961F}
		{2BFACDC3-F44D-4199-8498-F5C3C4AC0335} = {735C149B-5A43-4AF0-8846-4E16DDCA579A}
		{E461C0A8-8900-485C-B520-E929BA33F712} = {735C149B-5A43-4AF0-8846-4E16DDCA579A}
		{8BE82998-A168-45C2-99EF-F1B312861D95} = {A968A339-EE45-4DE8-BC78-BEF8848ADF27}
		{79D8D106-CD39-4AE3-A4B1-764A1B9FE70A} = {A968A339-EE45-4DE8-BC78-BEF8848ADF27}
		{3D2115B7-3400-4211-A451-C62D0D5087C3} = {A968A339-EE45-4DE8-BC78-BEF8848ADF27}
	EndGlobalSection
	GlobalSection(ExtensibilityGlobals) = postSolution
		SolutionGuid = {55C84F1E-B571-4141-B91E-1FBA7BF166AC}
	EndGlobalSection
EndGlobal
